{
  "version": "4",
  "specifiers": {
    "npm:sixel@*": "0.16.0"
  },
  "npm": {
    "sixel@0.16.0": {
      "integrity": "sha512-xicu6Y6Cyhmv5rjyHxq2r5RnKerlL/nyZEGjOU5bLCshXkZryc9JFJThTCKPOAtWXCfeWquEKFVFfMPcTD25PA=="
    }
  },
  "remote": {
    "https://deno.land/std@0.106.0/encoding/base64.ts": "eecae390f1f1d1cae6f6c6d732ede5276bf4b9cd29b1d281678c054dc5cc009e",
    "https://deno.land/x/canvas@v1.4.1/deps.ts": "e956026d98094946166e06d7b799290b732db015813870d84e04e33ab88e98f3",
    "https://deno.land/x/canvas@v1.4.1/mod.ts": "a4e16972647ceafef58612a377a218372454c99d2c9da615a132694597114f80",
    "https://deno.land/x/canvas@v1.4.1/src/base64.ts": "0928031fdba0c43b617154fbe2eb7578366460c04da1422933ae5e936d3d0349",
    "https://deno.land/x/canvas@v1.4.1/src/canvas.ts": "58119999b04f68ebeed2627485c5c24c5b0c029707edde0b6568814f9049a3a8",
    "https://deno.land/x/canvas@v1.4.1/src/canvaskit.ts": "c3d807472cbb3e1d9fc01bb43ff974ef796c4b010178d1595be5fa793cce5e7d",
    "https://deno.land/x/canvas@v1.4.1/src/color_util.ts": "28f1072f0a5acbe7add7fac2f452311a47b44c080806fc4057de2d2e405c6c1c",
    "https://deno.land/x/canvas@v1.4.1/src/lib.js": "bb21711589bfbc8997b455cdf53e3150e23289f3b44809188041b1d2fc7924fa",
    "https://deno.land/x/canvas@v1.4.1/src/types.ts": "67d5800f8f4b0a407e0251676a03ae91b5f50a3ed53e6b72dc5984113cb93128",
    "https://deno.land/x/canvas@v1.4.1/src/wasm.js": "449d72cc14fc4142a5853f944df49a744d852981d09c5515528ede8aebb0afda",
    "https://deno.land/x/denops_core@v6.1.0/denops.ts": "4d0c74a35d6fc81ea8891723d7aac155de75ee9df4a8208820ad33f5b9baf77f",
    "https://deno.land/x/denops_core@v6.1.0/mod.ts": "8e9df19d34cef4ba9f383de05f9b59cbdb605a05dae1bd34ee2ec4fa7343dc9c",
    "https://deno.land/x/denops_std@v6.5.1/mod.ts": "7db35ea80fd54afbd8ce909f490c6f6d9536c6c1e048ef3fdf387efcd188157d",
    "https://deno.land/x/unknownutil@v3.18.1/_typeutil.ts": "774d207c47fb5350f468cdcf68e80f1bc6e278f6bc77c04d17a601618c49d2c1",
    "https://deno.land/x/unknownutil@v3.18.1/inspect.ts": "33e61bdfed94cd586d66600813b528fa93046a2802d8144277b92f0fa5e5f10e",
    "https://deno.land/x/unknownutil@v3.18.1/is.ts": "0c552cf85f8eeca86b41d892da627168185eaabfd79931e39cfdf00a70de6269",
    "https://deno.land/x/unknownutil@v3.18.1/metadata.ts": "04fcfbca1338e44b4067be4bde51b863dc4c91b279541c78620e617d3e77e01a",
    "https://deno.land/x/unknownutil@v3.18.1/mod.ts": "c38cc1fe09a108ecca944adde2dd2f37c1c00a83c964f0a3b8a7debd62d33fc8",
    "https://deno.land/x/unknownutil@v3.18.1/util.ts": "051fb654a110aa8bc9e034ce03aea2d39349fdf723da6ce6b783e5299327444d"
  }
}
